// !$*UTF8*$!
{
	archiveVersion = 1;
	classes = {
	};
	objectVersion = 50;
	objects = {

/* Begin PBXBuildFile section */
		A92FBDA7255FFEC7007C0280 /* CustomEditButton.swift in Sources */ = {isa = PBXBuildFile; fileRef = A92FBDA6255FFEC7007C0280 /* CustomEditButton.swift */; };
		A92FBDAB256002FE007C0280 /* MarketView.swift in Sources */ = {isa = PBXBuildFile; fileRef = A92FBDAA256002FE007C0280 /* MarketView.swift */; };
		A92FBDB3256008AF007C0280 /* BindingExtension.swift in Sources */ = {isa = PBXBuildFile; fileRef = A92FBDB2256008AF007C0280 /* BindingExtension.swift */; };
		A93F804325669A40003CB8C9 /* MarketManager.swift in Sources */ = {isa = PBXBuildFile; fileRef = A93F804225669A40003CB8C9 /* MarketManager.swift */; };
		A9690B37251CBD1C00F45167 /* ShoppingItemView.swift in Sources */ = {isa = PBXBuildFile; fileRef = A9690B36251CBD1C00F45167 /* ShoppingItemView.swift */; };
		A9848E2525443C80001F470E /* ShoppingItemManager.swift in Sources */ = {isa = PBXBuildFile; fileRef = A9848E2425443C80001F470E /* ShoppingItemManager.swift */; };
		A9B62AC72518E24B00E765E0 /* TS_ShoppingListApp.swift in Sources */ = {isa = PBXBuildFile; fileRef = A9B62AC62518E24B00E765E0 /* TS_ShoppingListApp.swift */; };
		A9B62AC92518E24B00E765E0 /* ContentView.swift in Sources */ = {isa = PBXBuildFile; fileRef = A9B62AC82518E24B00E765E0 /* ContentView.swift */; };
		A9B62ACB2518E24B00E765E0 /* Assets.xcassets in Resources */ = {isa = PBXBuildFile; fileRef = A9B62ACA2518E24B00E765E0 /* Assets.xcassets */; };
		A9B62ACE2518E24B00E765E0 /* Preview Assets.xcassets in Resources */ = {isa = PBXBuildFile; fileRef = A9B62ACD2518E24B00E765E0 /* Preview Assets.xcassets */; };
		A9B62AD02518E24B00E765E0 /* Persistence.swift in Sources */ = {isa = PBXBuildFile; fileRef = A9B62ACF2518E24B00E765E0 /* Persistence.swift */; };
		A9B62AD32518E24B00E765E0 /* TS_ShoppingList.xcdatamodeld in Sources */ = {isa = PBXBuildFile; fileRef = A9B62AD12518E24B00E765E0 /* TS_ShoppingList.xcdatamodeld */; };
		A9F88F8625598A760063B64A /* ShoppingItemsListNavigationView.swift in Sources */ = {isa = PBXBuildFile; fileRef = A9F88F8525598A760063B64A /* ShoppingItemsListNavigationView.swift */; };
		A9F88F8A25598B890063B64A /* MarketsListNavigationView.swift in Sources */ = {isa = PBXBuildFile; fileRef = A9F88F8925598B890063B64A /* MarketsListNavigationView.swift */; };
/* End PBXBuildFile section */

/* Begin PBXFileReference section */
		A92FBDA6255FFEC7007C0280 /* CustomEditButton.swift */ = {isa = PBXFileReference; lastKnownFileType = sourcecode.swift; path = CustomEditButton.swift; sourceTree = "<group>"; };
		A92FBDAA256002FE007C0280 /* MarketView.swift */ = {isa = PBXFileReference; lastKnownFileType = sourcecode.swift; path = MarketView.swift; sourceTree = "<group>"; };
		A92FBDB2256008AF007C0280 /* BindingExtension.swift */ = {isa = PBXFileReference; lastKnownFileType = sourcecode.swift; path = BindingExtension.swift; sourceTree = "<group>"; };
		A93F804225669A40003CB8C9 /* MarketManager.swift */ = {isa = PBXFileReference; lastKnownFileType = sourcecode.swift; path = MarketManager.swift; sourceTree = "<group>"; };
		A9690B36251CBD1C00F45167 /* ShoppingItemView.swift */ = {isa = PBXFileReference; lastKnownFileType = sourcecode.swift; path = ShoppingItemView.swift; sourceTree = "<group>"; };
		A9848E2425443C80001F470E /* ShoppingItemManager.swift */ = {isa = PBXFileReference; lastKnownFileType = sourcecode.swift; path = ShoppingItemManager.swift; sourceTree = "<group>"; };
		A9B62AC32518E24B00E765E0 /* TS ShoppingList.app */ = {isa = PBXFileReference; explicitFileType = wrapper.application; includeInIndex = 0; path = "TS ShoppingList.app"; sourceTree = BUILT_PRODUCTS_DIR; };
		A9B62AC62518E24B00E765E0 /* TS_ShoppingListApp.swift */ = {isa = PBXFileReference; lastKnownFileType = sourcecode.swift; path = TS_ShoppingListApp.swift; sourceTree = "<group>"; };
		A9B62AC82518E24B00E765E0 /* ContentView.swift */ = {isa = PBXFileReference; lastKnownFileType = sourcecode.swift; path = ContentView.swift; sourceTree = "<group>"; };
		A9B62ACA2518E24B00E765E0 /* Assets.xcassets */ = {isa = PBXFileReference; lastKnownFileType = folder.assetcatalog; path = Assets.xcassets; sourceTree = "<group>"; };
		A9B62ACD2518E24B00E765E0 /* Preview Assets.xcassets */ = {isa = PBXFileReference; lastKnownFileType = folder.assetcatalog; path = "Preview Assets.xcassets"; sourceTree = "<group>"; };
		A9B62ACF2518E24B00E765E0 /* Persistence.swift */ = {isa = PBXFileReference; lastKnownFileType = sourcecode.swift; path = Persistence.swift; sourceTree = "<group>"; };
		A9B62AD22518E24B00E765E0 /* TS_ShoppingList.xcdatamodel */ = {isa = PBXFileReference; lastKnownFileType = wrapper.xcdatamodel; path = TS_ShoppingList.xcdatamodel; sourceTree = "<group>"; };
		A9B62AD42518E24B00E765E0 /* Info.plist */ = {isa = PBXFileReference; lastKnownFileType = text.plist.xml; path = Info.plist; sourceTree = "<group>"; };
		A9F88F8525598A760063B64A /* ShoppingItemsListNavigationView.swift */ = {isa = PBXFileReference; lastKnownFileType = sourcecode.swift; path = ShoppingItemsListNavigationView.swift; sourceTree = "<group>"; };
		A9F88F8925598B890063B64A /* MarketsListNavigationView.swift */ = {isa = PBXFileReference; lastKnownFileType = sourcecode.swift; path = MarketsListNavigationView.swift; sourceTree = "<group>"; };
/* End PBXFileReference section */

/* Begin PBXFrameworksBuildPhase section */
		A9B62AC02518E24B00E765E0 /* Frameworks */ = {
			isa = PBXFrameworksBuildPhase;
			buildActionMask = 2147483647;
			files = (
			);
			runOnlyForDeploymentPostprocessing = 0;
		};
/* End PBXFrameworksBuildPhase section */

/* Begin PBXGroup section */
		A923B3AB258CF65300CE6D67 /* View */ = {
			isa = PBXGroup;
			children = (
				A9B62AC82518E24B00E765E0 /* ContentView.swift */,
				A9F88F8525598A760063B64A /* ShoppingItemsListNavigationView.swift */,
				A9690B36251CBD1C00F45167 /* ShoppingItemView.swift */,
				A9F88F8925598B890063B64A /* MarketsListNavigationView.swift */,
				A92FBDAA256002FE007C0280 /* MarketView.swift */,
				A923B3AE258CF6F900CE6D67 /* Helper Views */,
				A923B3AD258CF6C200CE6D67 /* Extensions */,
			);
			path = View;
			sourceTree = "<group>";
		};
		A923B3AD258CF6C200CE6D67 /* Extensions */ = {
			isa = PBXGroup;
			children = (
				A92FBDB2256008AF007C0280 /* BindingExtension.swift */,
			);
			path = Extensions;
			sourceTree = "<group>";
		};
		A923B3AE258CF6F900CE6D67 /* Helper Views */ = {
			isa = PBXGroup;
			children = (
				A92FBDA6255FFEC7007C0280 /* CustomEditButton.swift */,
			);
			path = "Helper Views";
			sourceTree = "<group>";
		};
		A923B3AF258CF72C00CE6D67 /* Model */ = {
			isa = PBXGroup;
			children = (
				A9B62ACF2518E24B00E765E0 /* Persistence.swift */,
				A9848E2425443C80001F470E /* ShoppingItemManager.swift */,
				A93F804225669A40003CB8C9 /* MarketManager.swift */,
			);
			path = Model;
			sourceTree = "<group>";
		};
		A923B3B0258CF76E00CE6D67 /* Resources */ = {
			isa = PBXGroup;
			children = (
				A9B62ACA2518E24B00E765E0 /* Assets.xcassets */,
				A9B62AD42518E24B00E765E0 /* Info.plist */,
				A9B62AD12518E24B00E765E0 /* TS_ShoppingList.xcdatamodeld */,
			);
			path = Resources;
			sourceTree = "<group>";
		};
		A9B62ABA2518E24B00E765E0 = {
			isa = PBXGroup;
			children = (
				A9B62AC52518E24B00E765E0 /* TS ShoppingList */,
				A9B62AC42518E24B00E765E0 /* Products */,
			);
			sourceTree = "<group>";
		};
		A9B62AC42518E24B00E765E0 /* Products */ = {
			isa = PBXGroup;
			children = (
				A9B62AC32518E24B00E765E0 /* TS ShoppingList.app */,
			);
			name = Products;
			sourceTree = "<group>";
		};
		A9B62AC52518E24B00E765E0 /* TS ShoppingList */ = {
			isa = PBXGroup;
			children = (
				A9B62AC62518E24B00E765E0 /* TS_ShoppingListApp.swift */,
				A923B3AF258CF72C00CE6D67 /* Model */,
				A923B3AB258CF65300CE6D67 /* View */,
				A923B3B0258CF76E00CE6D67 /* Resources */,
				A9B62ACC2518E24B00E765E0 /* Preview Content */,
			);
			path = "TS ShoppingList";
			sourceTree = "<group>";
		};
		A9B62ACC2518E24B00E765E0 /* Preview Content */ = {
			isa = PBXGroup;
			children = (
				A9B62ACD2518E24B00E765E0 /* Preview Assets.xcassets */,
			);
			path = "Preview Content";
			sourceTree = "<group>";
		};
/* End PBXGroup section */

/* Begin PBXNativeTarget section */
		A9B62AC22518E24B00E765E0 /* TS ShoppingList */ = {
			isa = PBXNativeTarget;
			buildConfigurationList = A9B62AD72518E24B00E765E0 /* Build configuration list for PBXNativeTarget "TS ShoppingList" */;
			buildPhases = (
				A9B62ABF2518E24B00E765E0 /* Sources */,
				A9B62AC02518E24B00E765E0 /* Frameworks */,
				A9B62AC12518E24B00E765E0 /* Resources */,
			);
			buildRules = (
			);
			dependencies = (
			);
			name = "TS ShoppingList";
			productName = "TS ShoppingList";
			productReference = A9B62AC32518E24B00E765E0 /* TS ShoppingList.app */;
			productType = "com.apple.product-type.application";
		};
/* End PBXNativeTarget section */

/* Begin PBXProject section */
		A9B62ABB2518E24B00E765E0 /* Project object */ = {
			isa = PBXProject;
			attributes = {
				LastSwiftUpdateCheck = 1200;
				LastUpgradeCheck = 1200;
				TargetAttributes = {
					A9B62AC22518E24B00E765E0 = {
						CreatedOnToolsVersion = 12.0;
					};
				};
			};
			buildConfigurationList = A9B62ABE2518E24B00E765E0 /* Build configuration list for PBXProject "TS ShoppingList" */;
			compatibilityVersion = "Xcode 9.3";
			developmentRegion = en;
			hasScannedForEncodings = 0;
			knownRegions = (
				en,
				Base,
			);
			mainGroup = A9B62ABA2518E24B00E765E0;
			productRefGroup = A9B62AC42518E24B00E765E0 /* Products */;
			projectDirPath = "";
			projectRoot = "";
			targets = (
				A9B62AC22518E24B00E765E0 /* TS ShoppingList */,
			);
		};
/* End PBXProject section */

/* Begin PBXResourcesBuildPhase section */
		A9B62AC12518E24B00E765E0 /* Resources */ = {
			isa = PBXResourcesBuildPhase;
			buildActionMask = 2147483647;
			files = (
				A9B62ACE2518E24B00E765E0 /* Preview Assets.xcassets in Resources */,
				A9B62ACB2518E24B00E765E0 /* Assets.xcassets in Resources */,
			);
			runOnlyForDeploymentPostprocessing = 0;
		};
/* End PBXResourcesBuildPhase section */

/* Begin PBXSourcesBuildPhase section */
		A9B62ABF2518E24B00E765E0 /* Sources */ = {
			isa = PBXSourcesBuildPhase;
			buildActionMask = 2147483647;
			files = (
				A9F88F8625598A760063B64A /* ShoppingItemsListNavigationView.swift in Sources */,
				A93F804325669A40003CB8C9 /* MarketManager.swift in Sources */,
				A92FBDA7255FFEC7007C0280 /* CustomEditButton.swift in Sources */,
				A9848E2525443C80001F470E /* ShoppingItemManager.swift in Sources */,
				A92FBDB3256008AF007C0280 /* BindingExtension.swift in Sources */,
				A9B62AD02518E24B00E765E0 /* Persistence.swift in Sources */,
				A92FBDAB256002FE007C0280 /* MarketView.swift in Sources */,
				A9B62AC92518E24B00E765E0 /* ContentView.swift in Sources */,
				A9690B37251CBD1C00F45167 /* ShoppingItemView.swift in Sources */,
				A9B62AD32518E24B00E765E0 /* TS_ShoppingList.xcdatamodeld in Sources */,
				A9B62AC72518E24B00E765E0 /* TS_ShoppingListApp.swift in Sources */,
				A9F88F8A25598B890063B64A /* MarketsListNavigationView.swift in Sources */,
			);
			runOnlyForDeploymentPostprocessing = 0;
		};
/* End PBXSourcesBuildPhase section */

/* Begin XCBuildConfiguration section */
		A9B62AD52518E24B00E765E0 /* Debug */ = {
			isa = XCBuildConfiguration;
			buildSettings = {
				ALWAYS_SEARCH_USER_PATHS = NO;
				CLANG_ANALYZER_NONNULL = YES;
				CLANG_ANALYZER_NUMBER_OBJECT_CONVERSION = YES_AGGRESSIVE;
				CLANG_CXX_LANGUAGE_STANDARD = "gnu++14";
				CLANG_CXX_LIBRARY = "libc++";
				CLANG_ENABLE_MODULES = YES;
				CLANG_ENABLE_OBJC_ARC = YES;
				CLANG_ENABLE_OBJC_WEAK = YES;
				CLANG_WARN_BLOCK_CAPTURE_AUTORELEASING = YES;
				CLANG_WARN_BOOL_CONVERSION = YES;
				CLANG_WARN_COMMA = YES;
				CLANG_WARN_CONSTANT_CONVERSION = YES;
				CLANG_WARN_DEPRECATED_OBJC_IMPLEMENTATIONS = YES;
				CLANG_WARN_DIRECT_OBJC_ISA_USAGE = YES_ERROR;
				CLANG_WARN_DOCUMENTATION_COMMENTS = YES;
				CLANG_WARN_EMPTY_BODY = YES;
				CLANG_WARN_ENUM_CONVERSION = YES;
				CLANG_WARN_INFINITE_RECURSION = YES;
				CLANG_WARN_INT_CONVERSION = YES;
				CLANG_WARN_NON_LITERAL_NULL_CONVERSION = YES;
				CLANG_WARN_OBJC_IMPLICIT_RETAIN_SELF = YES;
				CLANG_WARN_OBJC_LITERAL_CONVERSION = YES;
				CLANG_WARN_OBJC_ROOT_CLASS = YES_ERROR;
				CLANG_WARN_QUOTED_INCLUDE_IN_FRAMEWORK_HEADER = YES;
				CLANG_WARN_RANGE_LOOP_ANALYSIS = YES;
				CLANG_WARN_STRICT_PROTOTYPES = YES;
				CLANG_WARN_SUSPICIOUS_MOVE = YES;
				CLANG_WARN_UNGUARDED_AVAILABILITY = YES_AGGRESSIVE;
				CLANG_WARN_UNREACHABLE_CODE = YES;
				CLANG_WARN__DUPLICATE_METHOD_MATCH = YES;
				COPY_PHASE_STRIP = NO;
				DEBUG_INFORMATION_FORMAT = dwarf;
				ENABLE_STRICT_OBJC_MSGSEND = YES;
				ENABLE_TESTABILITY = YES;
				GCC_C_LANGUAGE_STANDARD = gnu11;
				GCC_DYNAMIC_NO_PIC = NO;
				GCC_NO_COMMON_BLOCKS = YES;
				GCC_OPTIMIZATION_LEVEL = 0;
				GCC_PREPROCESSOR_DEFINITIONS = (
					"DEBUG=1",
					"$(inherited)",
				);
				GCC_WARN_64_TO_32_BIT_CONVERSION = YES;
				GCC_WARN_ABOUT_RETURN_TYPE = YES_ERROR;
				GCC_WARN_UNDECLARED_SELECTOR = YES;
				GCC_WARN_UNINITIALIZED_AUTOS = YES_AGGRESSIVE;
				GCC_WARN_UNUSED_FUNCTION = YES;
				GCC_WARN_UNUSED_VARIABLE = YES;
				IPHONEOS_DEPLOYMENT_TARGET = 14.0;
				MTL_ENABLE_DEBUG_INFO = INCLUDE_SOURCE;
				MTL_FAST_MATH = YES;
				ONLY_ACTIVE_ARCH = YES;
				SDKROOT = iphoneos;
				SWIFT_ACTIVE_COMPILATION_CONDITIONS = DEBUG;
				SWIFT_OPTIMIZATION_LEVEL = "-Onone";
			};
			name = Debug;
		};
		A9B62AD62518E24B00E765E0 /* Release */ = {
			isa = XCBuildConfiguration;
			buildSettings = {
				ALWAYS_SEARCH_USER_PATHS = NO;
				CLANG_ANALYZER_NONNULL = YES;
				CLANG_ANALYZER_NUMBER_OBJECT_CONVERSION = YES_AGGRESSIVE;
				CLANG_CXX_LANGUAGE_STANDARD = "gnu++14";
				CLANG_CXX_LIBRARY = "libc++";
				CLANG_ENABLE_MODULES = YES;
				CLANG_ENABLE_OBJC_ARC = YES;
				CLANG_ENABLE_OBJC_WEAK = YES;
				CLANG_WARN_BLOCK_CAPTURE_AUTORELEASING = YES;
				CLANG_WARN_BOOL_CONVERSION = YES;
				CLANG_WARN_COMMA = YES;
				CLANG_WARN_CONSTANT_CONVERSION = YES;
				CLANG_WARN_DEPRECATED_OBJC_IMPLEMENTATIONS = YES;
				CLANG_WARN_DIRECT_OBJC_ISA_USAGE = YES_ERROR;
				CLANG_WARN_DOCUMENTATION_COMMENTS = YES;
				CLANG_WARN_EMPTY_BODY = YES;
				CLANG_WARN_ENUM_CONVERSION = YES;
				CLANG_WARN_INFINITE_RECURSION = YES;
				CLANG_WARN_INT_CONVERSION = YES;
				CLANG_WARN_NON_LITERAL_NULL_CONVERSION = YES;
				CLANG_WARN_OBJC_IMPLICIT_RETAIN_SELF = YES;
				CLANG_WARN_OBJC_LITERAL_CONVERSION = YES;
				CLANG_WARN_OBJC_ROOT_CLASS = YES_ERROR;
				CLANG_WARN_QUOTED_INCLUDE_IN_FRAMEWORK_HEADER = YES;
				CLANG_WARN_RANGE_LOOP_ANALYSIS = YES;
				CLANG_WARN_STRICT_PROTOTYPES = YES;
				CLANG_WARN_SUSPICIOUS_MOVE = YES;
				CLANG_WARN_UNGUARDED_AVAILABILITY = YES_AGGRESSIVE;
				CLANG_WARN_UNREACHABLE_CODE = YES;
				CLANG_WARN__DUPLICATE_METHOD_MATCH = YES;
				COPY_PHASE_STRIP = NO;
				DEBUG_INFORMATION_FORMAT = "dwarf-with-dsym";
				ENABLE_NS_ASSERTIONS = NO;
				ENABLE_STRICT_OBJC_MSGSEND = YES;
				GCC_C_LANGUAGE_STANDARD = gnu11;
				GCC_NO_COMMON_BLOCKS = YES;
				GCC_WARN_64_TO_32_BIT_CONVERSION = YES;
				GCC_WARN_ABOUT_RETURN_TYPE = YES_ERROR;
				GCC_WARN_UNDECLARED_SELECTOR = YES;
				GCC_WARN_UNINITIALIZED_AUTOS = YES_AGGRESSIVE;
				GCC_WARN_UNUSED_FUNCTION = YES;
				GCC_WARN_UNUSED_VARIABLE = YES;
				IPHONEOS_DEPLOYMENT_TARGET = 14.0;
				MTL_ENABLE_DEBUG_INFO = NO;
				MTL_FAST_MATH = YES;
				SDKROOT = iphoneos;
				SWIFT_COMPILATION_MODE = wholemodule;
				SWIFT_OPTIMIZATION_LEVEL = "-O";
				VALIDATE_PRODUCT = YES;
			};
			name = Release;
		};
		A9B62AD82518E24B00E765E0 /* Debug */ = {
			isa = XCBuildConfiguration;
			buildSettings = {
				ASSETCATALOG_COMPILER_APPICON_NAME = AppIcon;
				ASSETCATALOG_COMPILER_GLOBAL_ACCENT_COLOR_NAME = AccentColor;
				CODE_SIGN_STYLE = Automatic;
				DEVELOPMENT_ASSET_PATHS = "\"TS ShoppingList/Preview Content\"";
				DEVELOPMENT_TEAM = 2S49FR3REP;
				ENABLE_PREVIEWS = YES;
				INFOPLIST_FILE = "TS ShoppingList/Resources/Info.plist";
				IPHONEOS_DEPLOYMENT_TARGET = 14.0;
				LD_RUNPATH_SEARCH_PATHS = (
					"$(inherited)",
					"@executable_path/Frameworks",
				);
				PRODUCT_BUNDLE_IDENTIFIER = "de.thomassillmann.TS-ShoppingList";
				PRODUCT_NAME = "$(TARGET_NAME)";
				SWIFT_VERSION = 5.0;
				TARGETED_DEVICE_FAMILY = "1,2";
			};
			name = Debug;
		};
		A9B62AD92518E24B00E765E0 /* Release */ = {
			isa = XCBuildConfiguration;
			buildSettings = {
				ASSETCATALOG_COMPILER_APPICON_NAME = AppIcon;
				ASSETCATALOG_COMPILER_GLOBAL_ACCENT_COLOR_NAME = AccentColor;
				CODE_SIGN_STYLE = Automatic;
				DEVELOPMENT_ASSET_PATHS = "\"TS ShoppingList/Preview Content\"";
				DEVELOPMENT_TEAM = 2S49FR3REP;
				ENABLE_PREVIEWS = YES;
				INFOPLIST_FILE = "TS ShoppingList/Resources/Info.plist";
				IPHONEOS_DEPLOYMENT_TARGET = 14.0;
				LD_RUNPATH_SEARCH_PATHS = (
					"$(inherited)",
					"@executable_path/Frameworks",
				);
				PRODUCT_BUNDLE_IDENTIFIER = "de.thomassillmann.TS-ShoppingList";
				PRODUCT_NAME = "$(TARGET_NAME)";
				SWIFT_VERSION = 5.0;
				TARGETED_DEVICE_FAMILY = "1,2";
			};
			name = Release;
		};
/* End XCBuildConfiguration section */

/* Begin XCConfigurationList section */
		A9B62ABE2518E24B00E765E0 /* Build configuration list for PBXProject "TS ShoppingList" */ = {
			isa = XCConfigurationList;
			buildConfigurations = (
				A9B62AD52518E24B00E765E0 /* Debug */,
				A9B62AD62518E24B00E765E0 /* Release */,
			);
			defaultConfigurationIsVisible = 0;
			defaultConfigurationName = Release;
		};
		A9B62AD72518E24B00E765E0 /* Build configuration list for PBXNativeTarget "TS ShoppingList" */ = {
			isa = XCConfigurationList;
			buildConfigurations = (
				A9B62AD82518E24B00E765E0 /* Debug */,
				A9B62AD92518E24B00E765E0 /* Release */,
			);
			defaultConfigurationIsVisible = 0;
			defaultConfigurationName = Release;
		};
/* End XCConfigurationList section */

/* Begin XCVersionGroup section */
		A9B62AD12518E24B00E765E0 /* TS_ShoppingList.xcdatamodeld */ = {
			isa = XCVersionGroup;
			children = (
				A9B62AD22518E24B00E765E0 /* TS_ShoppingList.xcdatamodel */,
			);
			currentVersion = A9B62AD22518E24B00E765E0 /* TS_ShoppingList.xcdatamodel */;
			path = TS_ShoppingList.xcdatamodeld;
			sourceTree = "<group>";
			versionGroupType = wrapper.xcdatamodel;
		};
/* End XCVersionGroup section */
	};
	rootObject = A9B62ABB2518E24B00E765E0 /* Project object */;
}
